
Microsoft Visual Studio Solution File, Format Version 12.00
# Visual Studio Version 17
VisualStudioVersion = 17.11.35222.181
MinimumVisualStudioVersion = 10.0.40219.1
Project("{FAE04EC0-301F-11D3-BF4B-00C04F79EFBC}") = "fifo", "fifo\fifo.csproj", "{EBA9BC97-408A-45AA-B392-DF30DF1C0CF8}"
EndProject
Global
	GlobalSection(SolutionConfigurationPlatforms) = preSolution
		Debug|Any CPU = Debug|Any CPU
		Release|Any CPU = Release|Any CPU
	EndGlobalSection
	GlobalSection(ProjectConfigurationPlatforms) = postSolution
		{EBA9BC97-408A-45AA-B392-DF30DF1C0CF8}.Debug|Any CPU.ActiveCfg = Debug|Any CPU
		{EBA9BC97-408A-45AA-B392-DF30DF1C0CF8}.Debug|Any CPU.Build.0 = Debug|Any CPU
		{EBA9BC97-408A-45AA-B392-DF30DF1C0CF8}.Release|Any CPU.ActiveCfg = Release|Any CPU
		{EBA9BC97-408A-45AA-B392-DF30DF1C0CF8}.Release|Any CPU.Build.0 = Release|Any CPU
	EndGlobalSection
	GlobalSection(SolutionProperties) = preSolution
		HideSolutionNode = FALSE
	EndGlobalSection
	GlobalSection(ExtensibilityGlobals) = postSolution
		SolutionGuid = {A516971C-7F19-4683-AD4F-E1EAAB2927B2}
	EndGlobalSection
EndGlobal
